// !$*UTF8*$!
{
	archiveVersion = 1;
	classes = {
	};
	objectVersion = 50;
	objects = {

/* Begin PBXBuildFile section */
		85458A4E23CCC1ED0050E13D /* anecdotes.xml in Resources */ = {isa = PBXBuildFile; fileRef = 85458A4D23CCC1ED0050E13D /* anecdotes.xml */; };
		85458A5123CCC4770050E13D /* DataParser.swift in Sources */ = {isa = PBXBuildFile; fileRef = 85458A5023CCC4770050E13D /* DataParser.swift */; };
		85458A5623CCD85A0050E13D /* RawCategory.swift in Sources */ = {isa = PBXBuildFile; fileRef = 85458A5523CCD85A0050E13D /* RawCategory.swift */; };
		85458A5823CCD8680050E13D /* RawAnecdote.swift in Sources */ = {isa = PBXBuildFile; fileRef = 85458A5723CCD8680050E13D /* RawAnecdote.swift */; };
		85458A5B23CCDA490050E13D /* RawXmlObjectProtocol.swift in Sources */ = {isa = PBXBuildFile; fileRef = 85458A5A23CCDA490050E13D /* RawXmlObjectProtocol.swift */; };
		85458A5D23CCFF080050E13D /* XmlRepresentable.swift in Sources */ = {isa = PBXBuildFile; fileRef = 85458A5C23CCFF080050E13D /* XmlRepresentable.swift */; };
		856E466E23CB8D6E005B1A3C /* AppDelegate.swift in Sources */ = {isa = PBXBuildFile; fileRef = 856E466D23CB8D6E005B1A3C /* AppDelegate.swift */; };
		856E467023CB8D6E005B1A3C /* SceneDelegate.swift in Sources */ = {isa = PBXBuildFile; fileRef = 856E466F23CB8D6E005B1A3C /* SceneDelegate.swift */; };
		856E467723CB8D70005B1A3C /* Assets.xcassets in Resources */ = {isa = PBXBuildFile; fileRef = 856E467623CB8D70005B1A3C /* Assets.xcassets */; };
		856E467A23CB8D70005B1A3C /* LaunchScreen.storyboard in Resources */ = {isa = PBXBuildFile; fileRef = 856E467823CB8D70005B1A3C /* LaunchScreen.storyboard */; };
		85E57CC923CB9CB0009E541C /* ViewController.swift in Sources */ = {isa = PBXBuildFile; fileRef = 85E57CC823CB9CB0009E541C /* ViewController.swift */; };
		85E57CCC23CB9CC5009E541C /* LoadingViewController.xib in Resources */ = {isa = PBXBuildFile; fileRef = 85E57CCA23CB9CC5009E541C /* LoadingViewController.xib */; };
		85E57CCD23CB9CC5009E541C /* LoadingViewController.swift in Sources */ = {isa = PBXBuildFile; fileRef = 85E57CCB23CB9CC5009E541C /* LoadingViewController.swift */; };
		85E57CD023CB9D9C009E541C /* DataManager.swift in Sources */ = {isa = PBXBuildFile; fileRef = 85E57CCF23CB9D9C009E541C /* DataManager.swift */; };
		85E57CD323CB9DE3009E541C /* Closures.swift in Sources */ = {isa = PBXBuildFile; fileRef = 85E57CD223CB9DE3009E541C /* Closures.swift */; };
		85E57CD623CB9E28009E541C /* TabBarController.swift in Sources */ = {isa = PBXBuildFile; fileRef = 85E57CD523CB9E28009E541C /* TabBarController.swift */; };
		85E57CD823CB9EF8009E541C /* AboutUsViewController.swift in Sources */ = {isa = PBXBuildFile; fileRef = 85E57CD723CB9EF8009E541C /* AboutUsViewController.swift */; };
		85E57CDB23CB9F0A009E541C /* TableViewController.swift in Sources */ = {isa = PBXBuildFile; fileRef = 85E57CD923CB9F0A009E541C /* TableViewController.swift */; };
		85E57CDC23CB9F0A009E541C /* TableViewController.xib in Resources */ = {isa = PBXBuildFile; fileRef = 85E57CDA23CB9F0A009E541C /* TableViewController.xib */; };
		85E57CE123CB9F3E009E541C /* DetailsTableViewCell.swift in Sources */ = {isa = PBXBuildFile; fileRef = 85E57CDF23CB9F3E009E541C /* DetailsTableViewCell.swift */; };
		85E57CE223CB9F3E009E541C /* DetailsTableViewCell.xib in Resources */ = {isa = PBXBuildFile; fileRef = 85E57CE023CB9F3E009E541C /* DetailsTableViewCell.xib */; };
		85E57CE423CB9F44009E541C /* TableViewCell.swift in Sources */ = {isa = PBXBuildFile; fileRef = 85E57CE323CB9F44009E541C /* TableViewCell.swift */; };
		85E57CFB23CB9F61009E541C /* UIStackView+Subviews.swift in Sources */ = {isa = PBXBuildFile; fileRef = 85E57CE723CB9F61009E541C /* UIStackView+Subviews.swift */; };
		85E57CFC23CB9F61009E541C /* UIView+Extension.swift in Sources */ = {isa = PBXBuildFile; fileRef = 85E57CE923CB9F61009E541C /* UIView+Extension.swift */; };
		85E57CFD23CB9F61009E541C /* UIView+Subviews.swift in Sources */ = {isa = PBXBuildFile; fileRef = 85E57CEA23CB9F61009E541C /* UIView+Subviews.swift */; };
		85E57CFE23CB9F61009E541C /* UITableViewCell+Id.swift in Sources */ = {isa = PBXBuildFile; fileRef = 85E57CEB23CB9F61009E541C /* UITableViewCell+Id.swift */; };
		85E57CFF23CB9F61009E541C /* UIViewController+Extension.swift in Sources */ = {isa = PBXBuildFile; fileRef = 85E57CEC23CB9F61009E541C /* UIViewController+Extension.swift */; };
		85E57D0023CB9F61009E541C /* UIEdgeInsets+Inits.swift in Sources */ = {isa = PBXBuildFile; fileRef = 85E57CED23CB9F61009E541C /* UIEdgeInsets+Inits.swift */; };
		85E57D0123CB9F61009E541C /* NSLayoutConstraint+Activate.swift in Sources */ = {isa = PBXBuildFile; fileRef = 85E57CEF23CB9F61009E541C /* NSLayoutConstraint+Activate.swift */; };
		85E57D0223CB9F61009E541C /* NSLayoutConstraint+Deactivate.swift in Sources */ = {isa = PBXBuildFile; fileRef = 85E57CF023CB9F61009E541C /* NSLayoutConstraint+Deactivate.swift */; };
		85E57D0323CB9F61009E541C /* UITableView+Cells.swift in Sources */ = {isa = PBXBuildFile; fileRef = 85E57CF223CB9F61009E541C /* UITableView+Cells.swift */; };
		85E57D0423CB9F61009E541C /* UITableView+Footer.swift in Sources */ = {isa = PBXBuildFile; fileRef = 85E57CF323CB9F61009E541C /* UITableView+Footer.swift */; };
		85E57D0523CB9F61009E541C /* UIColor+Highlight.swift in Sources */ = {isa = PBXBuildFile; fileRef = 85E57CF423CB9F61009E541C /* UIColor+Highlight.swift */; };
		85E57D0623CB9F61009E541C /* Date+Extension.swift in Sources */ = {isa = PBXBuildFile; fileRef = 85E57CF623CB9F61009E541C /* Date+Extension.swift */; };
		85E57D0723CB9F61009E541C /* RawRepresentable+Inits.swift in Sources */ = {isa = PBXBuildFile; fileRef = 85E57CF823CB9F61009E541C /* RawRepresentable+Inits.swift */; };
		85E57D0823CB9F61009E541C /* Array+Elements.swift in Sources */ = {isa = PBXBuildFile; fileRef = 85E57CF923CB9F61009E541C /* Array+Elements.swift */; };
		85E57D0923CB9F61009E541C /* String+Inits.swift in Sources */ = {isa = PBXBuildFile; fileRef = 85E57CFA23CB9F61009E541C /* String+Inits.swift */; };
		85E57D0B23CB9F89009E541C /* Constant.swift in Sources */ = {isa = PBXBuildFile; fileRef = 85E57D0A23CB9F89009E541C /* Constant.swift */; };
		85E57D0E23CBA014009E541C /* NavigationController.swift in Sources */ = {isa = PBXBuildFile; fileRef = 85E57D0D23CBA014009E541C /* NavigationController.swift */; };
		85E57D1023CBA0C5009E541C /* HomeViewController.swift in Sources */ = {isa = PBXBuildFile; fileRef = 85E57D0F23CBA0C5009E541C /* HomeViewController.swift */; };
		85E57D1223CBA1BA009E541C /* CategoriesViewController.swift in Sources */ = {isa = PBXBuildFile; fileRef = 85E57D1123CBA1BA009E541C /* CategoriesViewController.swift */; };
		85E57D1723CBAC04009E541C /* Category.swift in Sources */ = {isa = PBXBuildFile; fileRef = 85E57D1623CBAC04009E541C /* Category.swift */; };
		85E57D1923CBAC65009E541C /* Anecdote.swift in Sources */ = {isa = PBXBuildFile; fileRef = 85E57D1823CBAC65009E541C /* Anecdote.swift */; };
		85E57D1C23CBAE76009E541C /* CategoryTableViewCell.xib in Resources */ = {isa = PBXBuildFile; fileRef = 85E57D1A23CBAE76009E541C /* CategoryTableViewCell.xib */; };
		85E57D1D23CBAE76009E541C /* CategoryTableViewCell.swift in Sources */ = {isa = PBXBuildFile; fileRef = 85E57D1B23CBAE76009E541C /* CategoryTableViewCell.swift */; };
		85E57D1F23CBB087009E541C /* AnecdotesViewController.swift in Sources */ = {isa = PBXBuildFile; fileRef = 85E57D1E23CBB087009E541C /* AnecdotesViewController.swift */; };
		85E57D2223CBB1CD009E541C /* AnecdoteTableViewCell.swift in Sources */ = {isa = PBXBuildFile; fileRef = 85E57D2023CBB1CD009E541C /* AnecdoteTableViewCell.swift */; };
		85E57D2323CBB1CD009E541C /* AnecdoteTableViewCell.xib in Resources */ = {isa = PBXBuildFile; fileRef = 85E57D2123CBB1CD009E541C /* AnecdoteTableViewCell.xib */; };
		85E57D2523CBB575009E541C /* DateFormatterManager.swift in Sources */ = {isa = PBXBuildFile; fileRef = 85E57D2423CBB575009E541C /* DateFormatterManager.swift */; };
		85E57D2E23CBC724009E541C /* NavigationManager.swift in Sources */ = {isa = PBXBuildFile; fileRef = 85E57D2D23CBC724009E541C /* NavigationManager.swift */; };
/* End PBXBuildFile section */

/* Begin PBXFileReference section */
		85458A4D23CCC1ED0050E13D /* anecdotes.xml */ = {isa = PBXFileReference; fileEncoding = 4; lastKnownFileType = text.xml; path = anecdotes.xml; sourceTree = "<group>"; };
		85458A5023CCC4770050E13D /* DataParser.swift */ = {isa = PBXFileReference; lastKnownFileType = sourcecode.swift; path = DataParser.swift; sourceTree = "<group>"; };
		85458A5523CCD85A0050E13D /* RawCategory.swift */ = {isa = PBXFileReference; lastKnownFileType = sourcecode.swift; path = RawCategory.swift; sourceTree = "<group>"; };
		85458A5723CCD8680050E13D /* RawAnecdote.swift */ = {isa = PBXFileReference; lastKnownFileType = sourcecode.swift; path = RawAnecdote.swift; sourceTree = "<group>"; };
		85458A5A23CCDA490050E13D /* RawXmlObjectProtocol.swift */ = {isa = PBXFileReference; lastKnownFileType = sourcecode.swift; path = RawXmlObjectProtocol.swift; sourceTree = "<group>"; };
		85458A5C23CCFF080050E13D /* XmlRepresentable.swift */ = {isa = PBXFileReference; lastKnownFileType = sourcecode.swift; path = XmlRepresentable.swift; sourceTree = "<group>"; };
		856E466A23CB8D6E005B1A3C /* Anecdotes.app */ = {isa = PBXFileReference; explicitFileType = wrapper.application; includeInIndex = 0; path = Anecdotes.app; sourceTree = BUILT_PRODUCTS_DIR; };
		856E466D23CB8D6E005B1A3C /* AppDelegate.swift */ = {isa = PBXFileReference; lastKnownFileType = sourcecode.swift; path = AppDelegate.swift; sourceTree = "<group>"; };
		856E466F23CB8D6E005B1A3C /* SceneDelegate.swift */ = {isa = PBXFileReference; lastKnownFileType = sourcecode.swift; path = SceneDelegate.swift; sourceTree = "<group>"; };
		856E467623CB8D70005B1A3C /* Assets.xcassets */ = {isa = PBXFileReference; lastKnownFileType = folder.assetcatalog; path = Assets.xcassets; sourceTree = "<group>"; };
		856E467923CB8D70005B1A3C /* Base */ = {isa = PBXFileReference; lastKnownFileType = file.storyboard; name = Base; path = Base.lproj/LaunchScreen.storyboard; sourceTree = "<group>"; };
		856E467B23CB8D70005B1A3C /* Info.plist */ = {isa = PBXFileReference; lastKnownFileType = text.plist.xml; path = Info.plist; sourceTree = "<group>"; };
		85E57CC823CB9CB0009E541C /* ViewController.swift */ = {isa = PBXFileReference; fileEncoding = 4; lastKnownFileType = sourcecode.swift; path = ViewController.swift; sourceTree = "<group>"; };
		85E57CCA23CB9CC5009E541C /* LoadingViewController.xib */ = {isa = PBXFileReference; fileEncoding = 4; lastKnownFileType = file.xib; path = LoadingViewController.xib; sourceTree = "<group>"; };
		85E57CCB23CB9CC5009E541C /* LoadingViewController.swift */ = {isa = PBXFileReference; fileEncoding = 4; lastKnownFileType = sourcecode.swift; path = LoadingViewController.swift; sourceTree = "<group>"; };
		85E57CCF23CB9D9C009E541C /* DataManager.swift */ = {isa = PBXFileReference; lastKnownFileType = sourcecode.swift; path = DataManager.swift; sourceTree = "<group>"; };
		85E57CD223CB9DE3009E541C /* Closures.swift */ = {isa = PBXFileReference; lastKnownFileType = sourcecode.swift; path = Closures.swift; sourceTree = "<group>"; };
		85E57CD523CB9E28009E541C /* TabBarController.swift */ = {isa = PBXFileReference; lastKnownFileType = sourcecode.swift; path = TabBarController.swift; sourceTree = "<group>"; };
		85E57CD723CB9EF8009E541C /* AboutUsViewController.swift */ = {isa = PBXFileReference; fileEncoding = 4; lastKnownFileType = sourcecode.swift; path = AboutUsViewController.swift; sourceTree = "<group>"; };
		85E57CD923CB9F0A009E541C /* TableViewController.swift */ = {isa = PBXFileReference; fileEncoding = 4; lastKnownFileType = sourcecode.swift; path = TableViewController.swift; sourceTree = "<group>"; };
		85E57CDA23CB9F0A009E541C /* TableViewController.xib */ = {isa = PBXFileReference; fileEncoding = 4; lastKnownFileType = file.xib; path = TableViewController.xib; sourceTree = "<group>"; };
		85E57CDF23CB9F3E009E541C /* DetailsTableViewCell.swift */ = {isa = PBXFileReference; fileEncoding = 4; lastKnownFileType = sourcecode.swift; path = DetailsTableViewCell.swift; sourceTree = "<group>"; };
		85E57CE023CB9F3E009E541C /* DetailsTableViewCell.xib */ = {isa = PBXFileReference; fileEncoding = 4; lastKnownFileType = file.xib; path = DetailsTableViewCell.xib; sourceTree = "<group>"; };
		85E57CE323CB9F44009E541C /* TableViewCell.swift */ = {isa = PBXFileReference; fileEncoding = 4; lastKnownFileType = sourcecode.swift; path = TableViewCell.swift; sourceTree = "<group>"; };
		85E57CE723CB9F61009E541C /* UIStackView+Subviews.swift */ = {isa = PBXFileReference; fileEncoding = 4; lastKnownFileType = sourcecode.swift; path = "UIStackView+Subviews.swift"; sourceTree = "<group>"; };
		85E57CE923CB9F61009E541C /* UIView+Extension.swift */ = {isa = PBXFileReference; fileEncoding = 4; lastKnownFileType = sourcecode.swift; path = "UIView+Extension.swift"; sourceTree = "<group>"; };
		85E57CEA23CB9F61009E541C /* UIView+Subviews.swift */ = {isa = PBXFileReference; fileEncoding = 4; lastKnownFileType = sourcecode.swift; path = "UIView+Subviews.swift"; sourceTree = "<group>"; };
		85E57CEB23CB9F61009E541C /* UITableViewCell+Id.swift */ = {isa = PBXFileReference; fileEncoding = 4; lastKnownFileType = sourcecode.swift; path = "UITableViewCell+Id.swift"; sourceTree = "<group>"; };
		85E57CEC23CB9F61009E541C /* UIViewController+Extension.swift */ = {isa = PBXFileReference; fileEncoding = 4; lastKnownFileType = sourcecode.swift; path = "UIViewController+Extension.swift"; sourceTree = "<group>"; };
		85E57CED23CB9F61009E541C /* UIEdgeInsets+Inits.swift */ = {isa = PBXFileReference; fileEncoding = 4; lastKnownFileType = sourcecode.swift; path = "UIEdgeInsets+Inits.swift"; sourceTree = "<group>"; };
		85E57CEF23CB9F61009E541C /* NSLayoutConstraint+Activate.swift */ = {isa = PBXFileReference; fileEncoding = 4; lastKnownFileType = sourcecode.swift; path = "NSLayoutConstraint+Activate.swift"; sourceTree = "<group>"; };
		85E57CF023CB9F61009E541C /* NSLayoutConstraint+Deactivate.swift */ = {isa = PBXFileReference; fileEncoding = 4; lastKnownFileType = sourcecode.swift; path = "NSLayoutConstraint+Deactivate.swift"; sourceTree = "<group>"; };
		85E57CF223CB9F61009E541C /* UITableView+Cells.swift */ = {isa = PBXFileReference; fileEncoding = 4; lastKnownFileType = sourcecode.swift; path = "UITableView+Cells.swift"; sourceTree = "<group>"; };
		85E57CF323CB9F61009E541C /* UITableView+Footer.swift */ = {isa = PBXFileReference; fileEncoding = 4; lastKnownFileType = sourcecode.swift; path = "UITableView+Footer.swift"; sourceTree = "<group>"; };
		85E57CF423CB9F61009E541C /* UIColor+Highlight.swift */ = {isa = PBXFileReference; fileEncoding = 4; lastKnownFileType = sourcecode.swift; path = "UIColor+Highlight.swift"; sourceTree = "<group>"; };
		85E57CF623CB9F61009E541C /* Date+Extension.swift */ = {isa = PBXFileReference; fileEncoding = 4; lastKnownFileType = sourcecode.swift; path = "Date+Extension.swift"; sourceTree = "<group>"; };
		85E57CF823CB9F61009E541C /* RawRepresentable+Inits.swift */ = {isa = PBXFileReference; fileEncoding = 4; lastKnownFileType = sourcecode.swift; path = "RawRepresentable+Inits.swift"; sourceTree = "<group>"; };
		85E57CF923CB9F61009E541C /* Array+Elements.swift */ = {isa = PBXFileReference; fileEncoding = 4; lastKnownFileType = sourcecode.swift; path = "Array+Elements.swift"; sourceTree = "<group>"; };
		85E57CFA23CB9F61009E541C /* String+Inits.swift */ = {isa = PBXFileReference; fileEncoding = 4; lastKnownFileType = sourcecode.swift; path = "String+Inits.swift"; sourceTree = "<group>"; };
		85E57D0A23CB9F89009E541C /* Constant.swift */ = {isa = PBXFileReference; fileEncoding = 4; lastKnownFileType = sourcecode.swift; path = Constant.swift; sourceTree = "<group>"; };
		85E57D0D23CBA014009E541C /* NavigationController.swift */ = {isa = PBXFileReference; fileEncoding = 4; lastKnownFileType = sourcecode.swift; path = NavigationController.swift; sourceTree = "<group>"; };
		85E57D0F23CBA0C5009E541C /* HomeViewController.swift */ = {isa = PBXFileReference; lastKnownFileType = sourcecode.swift; path = HomeViewController.swift; sourceTree = "<group>"; };
		85E57D1123CBA1BA009E541C /* CategoriesViewController.swift */ = {isa = PBXFileReference; lastKnownFileType = sourcecode.swift; path = CategoriesViewController.swift; sourceTree = "<group>"; };
		85E57D1623CBAC04009E541C /* Category.swift */ = {isa = PBXFileReference; lastKnownFileType = sourcecode.swift; path = Category.swift; sourceTree = "<group>"; };
		85E57D1823CBAC65009E541C /* Anecdote.swift */ = {isa = PBXFileReference; lastKnownFileType = sourcecode.swift; path = Anecdote.swift; sourceTree = "<group>"; };
		85E57D1A23CBAE76009E541C /* CategoryTableViewCell.xib */ = {isa = PBXFileReference; fileEncoding = 4; lastKnownFileType = file.xib; path = CategoryTableViewCell.xib; sourceTree = "<group>"; };
		85E57D1B23CBAE76009E541C /* CategoryTableViewCell.swift */ = {isa = PBXFileReference; fileEncoding = 4; lastKnownFileType = sourcecode.swift; path = CategoryTableViewCell.swift; sourceTree = "<group>"; };
		85E57D1E23CBB087009E541C /* AnecdotesViewController.swift */ = {isa = PBXFileReference; lastKnownFileType = sourcecode.swift; path = AnecdotesViewController.swift; sourceTree = "<group>"; };
		85E57D2023CBB1CD009E541C /* AnecdoteTableViewCell.swift */ = {isa = PBXFileReference; lastKnownFileType = sourcecode.swift; path = AnecdoteTableViewCell.swift; sourceTree = "<group>"; };
		85E57D2123CBB1CD009E541C /* AnecdoteTableViewCell.xib */ = {isa = PBXFileReference; lastKnownFileType = file.xib; path = AnecdoteTableViewCell.xib; sourceTree = "<group>"; };
		85E57D2423CBB575009E541C /* DateFormatterManager.swift */ = {isa = PBXFileReference; lastKnownFileType = sourcecode.swift; path = DateFormatterManager.swift; sourceTree = "<group>"; };
		85E57D2D23CBC724009E541C /* NavigationManager.swift */ = {isa = PBXFileReference; lastKnownFileType = sourcecode.swift; path = NavigationManager.swift; sourceTree = "<group>"; };
/* End PBXFileReference section */

/* Begin PBXFrameworksBuildPhase section */
		856E466723CB8D6E005B1A3C /* Frameworks */ = {
			isa = PBXFrameworksBuildPhase;
			buildActionMask = 2147483647;
			files = (
			);
			runOnlyForDeploymentPostprocessing = 0;
		};
/* End PBXFrameworksBuildPhase section */

/* Begin PBXGroup section */
		85458A4C23CCC1D80050E13D /* Resources */ = {
			isa = PBXGroup;
			children = (
				85458A4D23CCC1ED0050E13D /* anecdotes.xml */,
			);
			path = Resources;
			sourceTree = "<group>";
		};
		85458A4F23CCC3A20050E13D /* Objects */ = {
			isa = PBXGroup;
			children = (
				85458A5023CCC4770050E13D /* DataParser.swift */,
			);
			path = Objects;
			sourceTree = "<group>";
		};
		85458A5423CCD84A0050E13D /* Raw */ = {
			isa = PBXGroup;
			children = (
				85458A5523CCD85A0050E13D /* RawCategory.swift */,
				85458A5723CCD8680050E13D /* RawAnecdote.swift */,
			);
			path = Raw;
			sourceTree = "<group>";
		};
		85458A5923CCDA320050E13D /* Protocols */ = {
			isa = PBXGroup;
			children = (
				85458A5A23CCDA490050E13D /* RawXmlObjectProtocol.swift */,
				85458A5C23CCFF080050E13D /* XmlRepresentable.swift */,
			);
			path = Protocols;
			sourceTree = "<group>";
		};
		856E466123CB8D6E005B1A3C = {
			isa = PBXGroup;
			children = (
				856E466C23CB8D6E005B1A3C /* Anecdotes */,
				856E466B23CB8D6E005B1A3C /* Products */,
			);
			sourceTree = "<group>";
		};
		856E466B23CB8D6E005B1A3C /* Products */ = {
			isa = PBXGroup;
			children = (
				856E466A23CB8D6E005B1A3C /* Anecdotes.app */,
			);
			name = Products;
			sourceTree = "<group>";
		};
		856E466C23CB8D6E005B1A3C /* Anecdotes */ = {
			isa = PBXGroup;
			children = (
				856E467B23CB8D70005B1A3C /* Info.plist */,
				856E466D23CB8D6E005B1A3C /* AppDelegate.swift */,
				856E466F23CB8D6E005B1A3C /* SceneDelegate.swift */,
				856E467623CB8D70005B1A3C /* Assets.xcassets */,
				85E57CDD23CB9F20009E541C /* Cells */,
				85E57CD123CB9DD1009E541C /* Constants */,
				85E57CE523CB9F61009E541C /* Extensions */,
				856E467823CB8D70005B1A3C /* LaunchScreen.storyboard */,
				85E57CCE23CB9D8D009E541C /* Managers */,
				85E57D1523CBABDD009E541C /* Models */,
				85458A4F23CCC3A20050E13D /* Objects */,
				85458A5923CCDA320050E13D /* Protocols */,
				85458A4C23CCC1D80050E13D /* Resources */,
				85E57CC523CB9C87009E541C /* ViewControllers */,
			);
			path = Anecdotes;
			sourceTree = "<group>";
		};
		85E57CC523CB9C87009E541C /* ViewControllers */ = {
			isa = PBXGroup;
			children = (
				85E57D0C23CBA007009E541C /* Navigations */,
				85E57CC723CB9C9C009E541C /* Other */,
				85E57CC623CB9C94009E541C /* Parents */,
				85E57CD423CB9E17009E541C /* TabBars */,
			);
			path = ViewControllers;
			sourceTree = "<group>";
		};
		85E57CC623CB9C94009E541C /* Parents */ = {
			isa = PBXGroup;
			children = (
				85E57CD923CB9F0A009E541C /* TableViewController.swift */,
				85E57CDA23CB9F0A009E541C /* TableViewController.xib */,
				85E57CC823CB9CB0009E541C /* ViewController.swift */,
			);
			path = Parents;
			sourceTree = "<group>";
		};
		85E57CC723CB9C9C009E541C /* Other */ = {
			isa = PBXGroup;
			children = (
				85E57CD723CB9EF8009E541C /* AboutUsViewController.swift */,
				85E57D1E23CBB087009E541C /* AnecdotesViewController.swift */,
				85E57D1123CBA1BA009E541C /* CategoriesViewController.swift */,
				85E57D0F23CBA0C5009E541C /* HomeViewController.swift */,
				85E57CCB23CB9CC5009E541C /* LoadingViewController.swift */,
				85E57CCA23CB9CC5009E541C /* LoadingViewController.xib */,
			);
			path = Other;
			sourceTree = "<group>";
		};
		85E57CCE23CB9D8D009E541C /* Managers */ = {
			isa = PBXGroup;
			children = (
				85E57CCF23CB9D9C009E541C /* DataManager.swift */,
				85E57D2423CBB575009E541C /* DateFormatterManager.swift */,
				85E57D2D23CBC724009E541C /* NavigationManager.swift */,
			);
			path = Managers;
			sourceTree = "<group>";
		};
		85E57CD123CB9DD1009E541C /* Constants */ = {
			isa = PBXGroup;
			children = (
				85E57D0A23CB9F89009E541C /* Constant.swift */,
				85E57CD223CB9DE3009E541C /* Closures.swift */,
			);
			path = Constants;
			sourceTree = "<group>";
		};
		85E57CD423CB9E17009E541C /* TabBars */ = {
			isa = PBXGroup;
			children = (
				85E57CD523CB9E28009E541C /* TabBarController.swift */,
			);
			path = TabBars;
			sourceTree = "<group>";
		};
		85E57CDD23CB9F20009E541C /* Cells */ = {
			isa = PBXGroup;
			children = (
				85E57CDE23CB9F2B009E541C /* TableView */,
			);
			path = Cells;
			sourceTree = "<group>";
		};
		85E57CDE23CB9F2B009E541C /* TableView */ = {
			isa = PBXGroup;
			children = (
				85E57D2023CBB1CD009E541C /* AnecdoteTableViewCell.swift */,
				85E57D2123CBB1CD009E541C /* AnecdoteTableViewCell.xib */,
				85E57D1B23CBAE76009E541C /* CategoryTableViewCell.swift */,
				85E57D1A23CBAE76009E541C /* CategoryTableViewCell.xib */,
				85E57CDF23CB9F3E009E541C /* DetailsTableViewCell.swift */,
				85E57CE023CB9F3E009E541C /* DetailsTableViewCell.xib */,
				85E57CE323CB9F44009E541C /* TableViewCell.swift */,
			);
			path = TableView;
			sourceTree = "<group>";
		};
		85E57CE523CB9F61009E541C /* Extensions */ = {
			isa = PBXGroup;
			children = (
				85E57CE623CB9F61009E541C /* UIKit */,
				85E57CF523CB9F61009E541C /* Foundation */,
				85E57CF723CB9F61009E541C /* Swift */,
			);
			path = Extensions;
			sourceTree = "<group>";
		};
		85E57CE623CB9F61009E541C /* UIKit */ = {
			isa = PBXGroup;
			children = (
				85E57CE723CB9F61009E541C /* UIStackView+Subviews.swift */,
				85E57CE823CB9F61009E541C /* UIView */,
				85E57CEB23CB9F61009E541C /* UITableViewCell+Id.swift */,
				85E57CEC23CB9F61009E541C /* UIViewController+Extension.swift */,
				85E57CED23CB9F61009E541C /* UIEdgeInsets+Inits.swift */,
				85E57CEE23CB9F61009E541C /* NSLayoutConstraint */,
				85E57CF123CB9F61009E541C /* UITableView */,
				85E57CF423CB9F61009E541C /* UIColor+Highlight.swift */,
			);
			path = UIKit;
			sourceTree = "<group>";
		};
		85E57CE823CB9F61009E541C /* UIView */ = {
			isa = PBXGroup;
			children = (
				85E57CE923CB9F61009E541C /* UIView+Extension.swift */,
				85E57CEA23CB9F61009E541C /* UIView+Subviews.swift */,
			);
			path = UIView;
			sourceTree = "<group>";
		};
		85E57CEE23CB9F61009E541C /* NSLayoutConstraint */ = {
			isa = PBXGroup;
			children = (
				85E57CEF23CB9F61009E541C /* NSLayoutConstraint+Activate.swift */,
				85E57CF023CB9F61009E541C /* NSLayoutConstraint+Deactivate.swift */,
			);
			path = NSLayoutConstraint;
			sourceTree = "<group>";
		};
		85E57CF123CB9F61009E541C /* UITableView */ = {
			isa = PBXGroup;
			children = (
				85E57CF223CB9F61009E541C /* UITableView+Cells.swift */,
				85E57CF323CB9F61009E541C /* UITableView+Footer.swift */,
			);
			path = UITableView;
			sourceTree = "<group>";
		};
		85E57CF523CB9F61009E541C /* Foundation */ = {
			isa = PBXGroup;
			children = (
				85E57CF623CB9F61009E541C /* Date+Extension.swift */,
			);
			path = Foundation;
			sourceTree = "<group>";
		};
		85E57CF723CB9F61009E541C /* Swift */ = {
			isa = PBXGroup;
			children = (
				85E57CF823CB9F61009E541C /* RawRepresentable+Inits.swift */,
				85E57CF923CB9F61009E541C /* Array+Elements.swift */,
				85E57CFA23CB9F61009E541C /* String+Inits.swift */,
			);
			path = Swift;
			sourceTree = "<group>";
		};
		85E57D0C23CBA007009E541C /* Navigations */ = {
			isa = PBXGroup;
			children = (
				85E57D0D23CBA014009E541C /* NavigationController.swift */,
			);
			path = Navigations;
			sourceTree = "<group>";
		};
		85E57D1523CBABDD009E541C /* Models */ = {
			isa = PBXGroup;
			children = (
				85458A5423CCD84A0050E13D /* Raw */,
				85E57D1623CBAC04009E541C /* Category.swift */,
				85E57D1823CBAC65009E541C /* Anecdote.swift */,
			);
			path = Models;
			sourceTree = "<group>";
		};
/* End PBXGroup section */

/* Begin PBXNativeTarget section */
		856E466923CB8D6E005B1A3C /* Anecdotes */ = {
			isa = PBXNativeTarget;
			buildConfigurationList = 856E467E23CB8D70005B1A3C /* Build configuration list for PBXNativeTarget "Anecdotes" */;
			buildPhases = (
				856E466623CB8D6E005B1A3C /* Sources */,
				856E466723CB8D6E005B1A3C /* Frameworks */,
				856E466823CB8D6E005B1A3C /* Resources */,
			);
			buildRules = (
			);
			dependencies = (
			);
			name = Anecdotes;
			productName = Anecdotes;
			productReference = 856E466A23CB8D6E005B1A3C /* Anecdotes.app */;
			productType = "com.apple.product-type.application";
		};
/* End PBXNativeTarget section */

/* Begin PBXProject section */
		856E466223CB8D6E005B1A3C /* Project object */ = {
			isa = PBXProject;
			attributes = {
				LastSwiftUpdateCheck = 1130;
				LastUpgradeCheck = 1130;
				ORGANIZATIONNAME = "Pavlin Panayotov";
				TargetAttributes = {
					856E466923CB8D6E005B1A3C = {
						CreatedOnToolsVersion = 11.3;
					};
				};
			};
			buildConfigurationList = 856E466523CB8D6E005B1A3C /* Build configuration list for PBXProject "Anecdotes" */;
			compatibilityVersion = "Xcode 9.3";
			developmentRegion = en;
			hasScannedForEncodings = 0;
			knownRegions = (
				en,
				Base,
			);
			mainGroup = 856E466123CB8D6E005B1A3C;
			productRefGroup = 856E466B23CB8D6E005B1A3C /* Products */;
			projectDirPath = "";
			projectRoot = "";
			targets = (
				856E466923CB8D6E005B1A3C /* Anecdotes */,
			);
		};
/* End PBXProject section */

/* Begin PBXResourcesBuildPhase section */
		856E466823CB8D6E005B1A3C /* Resources */ = {
			isa = PBXResourcesBuildPhase;
			buildActionMask = 2147483647;
			files = (
				85E57CE223CB9F3E009E541C /* DetailsTableViewCell.xib in Resources */,
				85E57D1C23CBAE76009E541C /* CategoryTableViewCell.xib in Resources */,
				85458A4E23CCC1ED0050E13D /* anecdotes.xml in Resources */,
				85E57CCC23CB9CC5009E541C /* LoadingViewController.xib in Resources */,
				856E467A23CB8D70005B1A3C /* LaunchScreen.storyboard in Resources */,
				856E467723CB8D70005B1A3C /* Assets.xcassets in Resources */,
				85E57D2323CBB1CD009E541C /* AnecdoteTableViewCell.xib in Resources */,
				85E57CDC23CB9F0A009E541C /* TableViewController.xib in Resources */,
			);
			runOnlyForDeploymentPostprocessing = 0;
		};
/* End PBXResourcesBuildPhase section */

/* Begin PBXSourcesBuildPhase section */
		856E466623CB8D6E005B1A3C /* Sources */ = {
			isa = PBXSourcesBuildPhase;
			buildActionMask = 2147483647;
			files = (
				85E57D2E23CBC724009E541C /* NavigationManager.swift in Sources */,
				85E57CFF23CB9F61009E541C /* UIViewController+Extension.swift in Sources */,
				85E57D0323CB9F61009E541C /* UITableView+Cells.swift in Sources */,
				85458A5623CCD85A0050E13D /* RawCategory.swift in Sources */,
				85E57CD823CB9EF8009E541C /* AboutUsViewController.swift in Sources */,
				85458A5123CCC4770050E13D /* DataParser.swift in Sources */,
				85E57D1723CBAC04009E541C /* Category.swift in Sources */,
				85E57CFC23CB9F61009E541C /* UIView+Extension.swift in Sources */,
				85E57CC923CB9CB0009E541C /* ViewController.swift in Sources */,
				85E57D0E23CBA014009E541C /* NavigationController.swift in Sources */,
				85E57CD023CB9D9C009E541C /* DataManager.swift in Sources */,
				85E57D0623CB9F61009E541C /* Date+Extension.swift in Sources */,
				85E57D0823CB9F61009E541C /* Array+Elements.swift in Sources */,
				85E57D2523CBB575009E541C /* DateFormatterManager.swift in Sources */,
				85E57D0523CB9F61009E541C /* UIColor+Highlight.swift in Sources */,
				85E57CFB23CB9F61009E541C /* UIStackView+Subviews.swift in Sources */,
				85E57D1923CBAC65009E541C /* Anecdote.swift in Sources */,
				856E466E23CB8D6E005B1A3C /* AppDelegate.swift in Sources */,
				856E467023CB8D6E005B1A3C /* SceneDelegate.swift in Sources */,
				85E57D0023CB9F61009E541C /* UIEdgeInsets+Inits.swift in Sources */,
				85E57D1223CBA1BA009E541C /* CategoriesViewController.swift in Sources */,
				85E57CD623CB9E28009E541C /* TabBarController.swift in Sources */,
				85E57D0223CB9F61009E541C /* NSLayoutConstraint+Deactivate.swift in Sources */,
				85E57CE423CB9F44009E541C /* TableViewCell.swift in Sources */,
				85E57D0423CB9F61009E541C /* UITableView+Footer.swift in Sources */,
				85458A5B23CCDA490050E13D /* RawXmlObjectProtocol.swift in Sources */,
				85E57D1D23CBAE76009E541C /* CategoryTableViewCell.swift in Sources */,
				85E57CE123CB9F3E009E541C /* DetailsTableViewCell.swift in Sources */,
				85E57D1023CBA0C5009E541C /* HomeViewController.swift in Sources */,
				85E57D0923CB9F61009E541C /* String+Inits.swift in Sources */,
				85E57D0123CB9F61009E541C /* NSLayoutConstraint+Activate.swift in Sources */,
				85E57D2223CBB1CD009E541C /* AnecdoteTableViewCell.swift in Sources */,
				85458A5D23CCFF080050E13D /* XmlRepresentable.swift in Sources */,
				85E57D0B23CB9F89009E541C /* Constant.swift in Sources */,
				85E57CFD23CB9F61009E541C /* UIView+Subviews.swift in Sources */,
				85458A5823CCD8680050E13D /* RawAnecdote.swift in Sources */,
				85E57CCD23CB9CC5009E541C /* LoadingViewController.swift in Sources */,
				85E57CFE23CB9F61009E541C /* UITableViewCell+Id.swift in Sources */,
				85E57CDB23CB9F0A009E541C /* TableViewController.swift in Sources */,
				85E57CD323CB9DE3009E541C /* Closures.swift in Sources */,
				85E57D0723CB9F61009E541C /* RawRepresentable+Inits.swift in Sources */,
				85E57D1F23CBB087009E541C /* AnecdotesViewController.swift in Sources */,
			);
			runOnlyForDeploymentPostprocessing = 0;
		};
/* End PBXSourcesBuildPhase section */

/* Begin PBXVariantGroup section */
		856E467823CB8D70005B1A3C /* LaunchScreen.storyboard */ = {
			isa = PBXVariantGroup;
			children = (
				856E467923CB8D70005B1A3C /* Base */,
			);
			name = LaunchScreen.storyboard;
			sourceTree = "<group>";
		};
/* End PBXVariantGroup section */

/* Begin XCBuildConfiguration section */
		856E467C23CB8D70005B1A3C /* Debug */ = {
			isa = XCBuildConfiguration;
			buildSettings = {
				ALWAYS_SEARCH_USER_PATHS = NO;
				CLANG_ANALYZER_NONNULL = YES;
				CLANG_ANALYZER_NUMBER_OBJECT_CONVERSION = YES_AGGRESSIVE;
				CLANG_CXX_LANGUAGE_STANDARD = "gnu++14";
				CLANG_CXX_LIBRARY = "libc++";
				CLANG_ENABLE_MODULES = YES;
				CLANG_ENABLE_OBJC_ARC = YES;
				CLANG_ENABLE_OBJC_WEAK = YES;
				CLANG_WARN_BLOCK_CAPTURE_AUTORELEASING = YES;
				CLANG_WARN_BOOL_CONVERSION = YES;
				CLANG_WARN_COMMA = YES;
				CLANG_WARN_CONSTANT_CONVERSION = YES;
				CLANG_WARN_DEPRECATED_OBJC_IMPLEMENTATIONS = YES;
				CLANG_WARN_DIRECT_OBJC_ISA_USAGE = YES_ERROR;
				CLANG_WARN_DOCUMENTATION_COMMENTS = YES;
				CLANG_WARN_EMPTY_BODY = YES;
				CLANG_WARN_ENUM_CONVERSION = YES;
				CLANG_WARN_INFINITE_RECURSION = YES;
				CLANG_WARN_INT_CONVERSION = YES;
				CLANG_WARN_NON_LITERAL_NULL_CONVERSION = YES;
				CLANG_WARN_OBJC_IMPLICIT_RETAIN_SELF = YES;
				CLANG_WARN_OBJC_LITERAL_CONVERSION = YES;
				CLANG_WARN_OBJC_ROOT_CLASS = YES_ERROR;
				CLANG_WARN_RANGE_LOOP_ANALYSIS = YES;
				CLANG_WARN_STRICT_PROTOTYPES = YES;
				CLANG_WARN_SUSPICIOUS_MOVE = YES;
				CLANG_WARN_UNGUARDED_AVAILABILITY = YES_AGGRESSIVE;
				CLANG_WARN_UNREACHABLE_CODE = YES;
				CLANG_WARN__DUPLICATE_METHOD_MATCH = YES;
				COPY_PHASE_STRIP = NO;
				DEBUG_INFORMATION_FORMAT = dwarf;
				ENABLE_STRICT_OBJC_MSGSEND = YES;
				ENABLE_TESTABILITY = YES;
				GCC_C_LANGUAGE_STANDARD = gnu11;
				GCC_DYNAMIC_NO_PIC = NO;
				GCC_NO_COMMON_BLOCKS = YES;
				GCC_OPTIMIZATION_LEVEL = 0;
				GCC_PREPROCESSOR_DEFINITIONS = (
					"DEBUG=1",
					"$(inherited)",
				);
				GCC_WARN_64_TO_32_BIT_CONVERSION = YES;
				GCC_WARN_ABOUT_RETURN_TYPE = YES_ERROR;
				GCC_WARN_UNDECLARED_SELECTOR = YES;
				GCC_WARN_UNINITIALIZED_AUTOS = YES_AGGRESSIVE;
				GCC_WARN_UNUSED_FUNCTION = YES;
				GCC_WARN_UNUSED_VARIABLE = YES;
				IPHONEOS_DEPLOYMENT_TARGET = 13.2;
				MTL_ENABLE_DEBUG_INFO = INCLUDE_SOURCE;
				MTL_FAST_MATH = YES;
				ONLY_ACTIVE_ARCH = YES;
				SDKROOT = iphoneos;
				SWIFT_ACTIVE_COMPILATION_CONDITIONS = DEBUG;
				SWIFT_OPTIMIZATION_LEVEL = "-Onone";
			};
			name = Debug;
		};
		856E467D23CB8D70005B1A3C /* Release */ = {
			isa = XCBuildConfiguration;
			buildSettings = {
				ALWAYS_SEARCH_USER_PATHS = NO;
				CLANG_ANALYZER_NONNULL = YES;
				CLANG_ANALYZER_NUMBER_OBJECT_CONVERSION = YES_AGGRESSIVE;
				CLANG_CXX_LANGUAGE_STANDARD = "gnu++14";
				CLANG_CXX_LIBRARY = "libc++";
				CLANG_ENABLE_MODULES = YES;
				CLANG_ENABLE_OBJC_ARC = YES;
				CLANG_ENABLE_OBJC_WEAK = YES;
				CLANG_WARN_BLOCK_CAPTURE_AUTORELEASING = YES;
				CLANG_WARN_BOOL_CONVERSION = YES;
				CLANG_WARN_COMMA = YES;
				CLANG_WARN_CONSTANT_CONVERSION = YES;
				CLANG_WARN_DEPRECATED_OBJC_IMPLEMENTATIONS = YES;
				CLANG_WARN_DIRECT_OBJC_ISA_USAGE = YES_ERROR;
				CLANG_WARN_DOCUMENTATION_COMMENTS = YES;
				CLANG_WARN_EMPTY_BODY = YES;
				CLANG_WARN_ENUM_CONVERSION = YES;
				CLANG_WARN_INFINITE_RECURSION = YES;
				CLANG_WARN_INT_CONVERSION = YES;
				CLANG_WARN_NON_LITERAL_NULL_CONVERSION = YES;
				CLANG_WARN_OBJC_IMPLICIT_RETAIN_SELF = YES;
				CLANG_WARN_OBJC_LITERAL_CONVERSION = YES;
				CLANG_WARN_OBJC_ROOT_CLASS = YES_ERROR;
				CLANG_WARN_RANGE_LOOP_ANALYSIS = YES;
				CLANG_WARN_STRICT_PROTOTYPES = YES;
				CLANG_WARN_SUSPICIOUS_MOVE = YES;
				CLANG_WARN_UNGUARDED_AVAILABILITY = YES_AGGRESSIVE;
				CLANG_WARN_UNREACHABLE_CODE = YES;
				CLANG_WARN__DUPLICATE_METHOD_MATCH = YES;
				COPY_PHASE_STRIP = NO;
				DEBUG_INFORMATION_FORMAT = "dwarf-with-dsym";
				ENABLE_NS_ASSERTIONS = NO;
				ENABLE_STRICT_OBJC_MSGSEND = YES;
				GCC_C_LANGUAGE_STANDARD = gnu11;
				GCC_NO_COMMON_BLOCKS = YES;
				GCC_WARN_64_TO_32_BIT_CONVERSION = YES;
				GCC_WARN_ABOUT_RETURN_TYPE = YES_ERROR;
				GCC_WARN_UNDECLARED_SELECTOR = YES;
				GCC_WARN_UNINITIALIZED_AUTOS = YES_AGGRESSIVE;
				GCC_WARN_UNUSED_FUNCTION = YES;
				GCC_WARN_UNUSED_VARIABLE = YES;
				IPHONEOS_DEPLOYMENT_TARGET = 13.2;
				MTL_ENABLE_DEBUG_INFO = NO;
				MTL_FAST_MATH = YES;
				SDKROOT = iphoneos;
				SWIFT_COMPILATION_MODE = wholemodule;
				SWIFT_OPTIMIZATION_LEVEL = "-O";
				VALIDATE_PRODUCT = YES;
			};
			name = Release;
		};
		856E467F23CB8D70005B1A3C /* Debug */ = {
			isa = XCBuildConfiguration;
			buildSettings = {
				ASSETCATALOG_COMPILER_APPICON_NAME = AppIcon;
				CODE_SIGN_STYLE = Automatic;
				DEVELOPMENT_TEAM = U2AS5R25PD;
				INFOPLIST_FILE = Anecdotes/Info.plist;
				IPHONEOS_DEPLOYMENT_TARGET = 13.0;
				LD_RUNPATH_SEARCH_PATHS = (
					"$(inherited)",
					"@executable_path/Frameworks",
				);
				PRODUCT_BUNDLE_IDENTIFIER = pavlin.panayotov.Anecdotes;
				PRODUCT_NAME = "$(TARGET_NAME)";
				SWIFT_VERSION = 5.0;
				TARGETED_DEVICE_FAMILY = "1,2";
			};
			name = Debug;
		};
		856E468023CB8D70005B1A3C /* Release */ = {
			isa = XCBuildConfiguration;
			buildSettings = {
				ASSETCATALOG_COMPILER_APPICON_NAME = AppIcon;
				CODE_SIGN_STYLE = Automatic;
				DEVELOPMENT_TEAM = U2AS5R25PD;
				INFOPLIST_FILE = Anecdotes/Info.plist;
				IPHONEOS_DEPLOYMENT_TARGET = 13.0;
				LD_RUNPATH_SEARCH_PATHS = (
					"$(inherited)",
					"@executable_path/Frameworks",
				);
				PRODUCT_BUNDLE_IDENTIFIER = pavlin.panayotov.Anecdotes;
				PRODUCT_NAME = "$(TARGET_NAME)";
				SWIFT_VERSION = 5.0;
				TARGETED_DEVICE_FAMILY = "1,2";
			};
			name = Release;
		};
/* End XCBuildConfiguration section */

/* Begin XCConfigurationList section */
		856E466523CB8D6E005B1A3C /* Build configuration list for PBXProject "Anecdotes" */ = {
			isa = XCConfigurationList;
			buildConfigurations = (
				856E467C23CB8D70005B1A3C /* Debug */,
				856E467D23CB8D70005B1A3C /* Release */,
			);
			defaultConfigurationIsVisible = 0;
			defaultConfigurationName = Release;
		};
		856E467E23CB8D70005B1A3C /* Build configuration list for PBXNativeTarget "Anecdotes" */ = {
			isa = XCConfigurationList;
			buildConfigurations = (
				856E467F23CB8D70005B1A3C /* Debug */,
				856E468023CB8D70005B1A3C /* Release */,
			);
			defaultConfigurationIsVisible = 0;
			defaultConfigurationName = Release;
		};
/* End XCConfigurationList section */
	};
	rootObject = 856E466223CB8D6E005B1A3C /* Project object */;
}
